
Microsoft Visual Studio Solution File, Format Version 12.00
# Visual Studio Version 16
VisualStudioVersion = 16.0.30309.148
MinimumVisualStudioVersion = 15.0.26124.0
Project("{9A19103F-16F7-4668-BE54-9A1E7A4F7556}") = "Small-lang", "Source\Small-lang.csproj", "{7FC33587-1100-4EC1-BA76-7FD6D4B3BFD1}"
EndProject
Project("{9A19103F-16F7-4668-BE54-9A1E7A4F7556}") = "Test", "Test\Test.csproj", "{6A79B0DB-5881-4734-903B-55299310E28E}"
EndProject
Project("{2150E333-8FDC-42A3-9474-1A3956D46DE8}") = "Solution Items", "Solution Items", "{6E66DA27-3160-434E-B1C5-83415E231EE3}"
	ProjectSection(SolutionItems) = preProject
		.editorconfig = .editorconfig
		README.md = README.md
	EndProjectSection
EndProject
Project("{FAE04EC0-301F-11D3-BF4B-00C04F79EFBC}") = "GUI", "GUI\GUI.csproj", "{A251E5C9-4D6D-4857-AD39-F17CDEE8B0F0}"
EndProject
Project("{FAE04EC0-301F-11D3-BF4B-00C04F79EFBC}") = "PMachine", "PMachine\PMachine.csproj", "{6F54E682-2ED3-41D7-9C51-A84D3D609D98}"
EndProject
Global
	GlobalSection(SolutionConfigurationPlatforms) = preSolution
		Debug|Any CPU = Debug|Any CPU
		Debug|x64 = Debug|x64
		Debug|x86 = Debug|x86
		Release|Any CPU = Release|Any CPU
		Release|x64 = Release|x64
		Release|x86 = Release|x86
	EndGlobalSection
	GlobalSection(ProjectConfigurationPlatforms) = postSolution
		{7FC33587-1100-4EC1-BA76-7FD6D4B3BFD1}.Debug|Any CPU.ActiveCfg = Debug|Any CPU
		{7FC33587-1100-4EC1-BA76-7FD6D4B3BFD1}.Debug|Any CPU.Build.0 = Debug|Any CPU
		{7FC33587-1100-4EC1-BA76-7FD6D4B3BFD1}.Debug|x64.ActiveCfg = Debug|Any CPU
		{7FC33587-1100-4EC1-BA76-7FD6D4B3BFD1}.Debug|x64.Build.0 = Debug|Any CPU
		{7FC33587-1100-4EC1-BA76-7FD6D4B3BFD1}.Debug|x86.ActiveCfg = Debug|Any CPU
		{7FC33587-1100-4EC1-BA76-7FD6D4B3BFD1}.Debug|x86.Build.0 = Debug|Any CPU
		{7FC33587-1100-4EC1-BA76-7FD6D4B3BFD1}.Release|Any CPU.ActiveCfg = Release|Any CPU
		{7FC33587-1100-4EC1-BA76-7FD6D4B3BFD1}.Release|Any CPU.Build.0 = Release|Any CPU
		{7FC33587-1100-4EC1-BA76-7FD6D4B3BFD1}.Release|x64.ActiveCfg = Release|Any CPU
		{7FC33587-1100-4EC1-BA76-7FD6D4B3BFD1}.Release|x64.Build.0 = Release|Any CPU
		{7FC33587-1100-4EC1-BA76-7FD6D4B3BFD1}.Release|x86.ActiveCfg = Release|Any CPU
		{7FC33587-1100-4EC1-BA76-7FD6D4B3BFD1}.Release|x86.Build.0 = Release|Any CPU
		{6A79B0DB-5881-4734-903B-55299310E28E}.Debug|Any CPU.ActiveCfg = Debug|Any CPU
		{6A79B0DB-5881-4734-903B-55299310E28E}.Debug|Any CPU.Build.0 = Debug|Any CPU
		{6A79B0DB-5881-4734-903B-55299310E28E}.Debug|x64.ActiveCfg = Debug|Any CPU
		{6A79B0DB-5881-4734-903B-55299310E28E}.Debug|x64.Build.0 = Debug|Any CPU
		{6A79B0DB-5881-4734-903B-55299310E28E}.Debug|x86.ActiveCfg = Debug|Any CPU
		{6A79B0DB-5881-4734-903B-55299310E28E}.Debug|x86.Build.0 = Debug|Any CPU
		{6A79B0DB-5881-4734-903B-55299310E28E}.Release|Any CPU.ActiveCfg = Release|Any CPU
		{6A79B0DB-5881-4734-903B-55299310E28E}.Release|Any CPU.Build.0 = Release|Any CPU
		{6A79B0DB-5881-4734-903B-55299310E28E}.Release|x64.ActiveCfg = Release|Any CPU
		{6A79B0DB-5881-4734-903B-55299310E28E}.Release|x64.Build.0 = Release|Any CPU
		{6A79B0DB-5881-4734-903B-55299310E28E}.Release|x86.ActiveCfg = Release|Any CPU
		{6A79B0DB-5881-4734-903B-55299310E28E}.Release|x86.Build.0 = Release|Any CPU
		{A251E5C9-4D6D-4857-AD39-F17CDEE8B0F0}.Debug|Any CPU.ActiveCfg = Debug|Any CPU
		{A251E5C9-4D6D-4857-AD39-F17CDEE8B0F0}.Debug|Any CPU.Build.0 = Debug|Any CPU
		{A251E5C9-4D6D-4857-AD39-F17CDEE8B0F0}.Debug|x64.ActiveCfg = Debug|Any CPU
		{A251E5C9-4D6D-4857-AD39-F17CDEE8B0F0}.Debug|x64.Build.0 = Debug|Any CPU
		{A251E5C9-4D6D-4857-AD39-F17CDEE8B0F0}.Debug|x86.ActiveCfg = Debug|Any CPU
		{A251E5C9-4D6D-4857-AD39-F17CDEE8B0F0}.Debug|x86.Build.0 = Debug|Any CPU
		{A251E5C9-4D6D-4857-AD39-F17CDEE8B0F0}.Release|Any CPU.ActiveCfg = Release|Any CPU
		{A251E5C9-4D6D-4857-AD39-F17CDEE8B0F0}.Release|Any CPU.Build.0 = Release|Any CPU
		{A251E5C9-4D6D-4857-AD39-F17CDEE8B0F0}.Release|x64.ActiveCfg = Release|Any CPU
		{A251E5C9-4D6D-4857-AD39-F17CDEE8B0F0}.Release|x64.Build.0 = Release|Any CPU
		{A251E5C9-4D6D-4857-AD39-F17CDEE8B0F0}.Release|x86.ActiveCfg = Release|Any CPU
		{A251E5C9-4D6D-4857-AD39-F17CDEE8B0F0}.Release|x86.Build.0 = Release|Any CPU
		{6F54E682-2ED3-41D7-9C51-A84D3D609D98}.Debug|Any CPU.ActiveCfg = Debug|Any CPU
		{6F54E682-2ED3-41D7-9C51-A84D3D609D98}.Debug|Any CPU.Build.0 = Debug|Any CPU
		{6F54E682-2ED3-41D7-9C51-A84D3D609D98}.Debug|x64.ActiveCfg = Debug|Any CPU
		{6F54E682-2ED3-41D7-9C51-A84D3D609D98}.Debug|x64.Build.0 = Debug|Any CPU
		{6F54E682-2ED3-41D7-9C51-A84D3D609D98}.Debug|x86.ActiveCfg = Debug|Any CPU
		{6F54E682-2ED3-41D7-9C51-A84D3D609D98}.Debug|x86.Build.0 = Debug|Any CPU
		{6F54E682-2ED3-41D7-9C51-A84D3D609D98}.Release|Any CPU.ActiveCfg = Release|Any CPU
		{6F54E682-2ED3-41D7-9C51-A84D3D609D98}.Release|Any CPU.Build.0 = Release|Any CPU
		{6F54E682-2ED3-41D7-9C51-A84D3D609D98}.Release|x64.ActiveCfg = Release|Any CPU
		{6F54E682-2ED3-41D7-9C51-A84D3D609D98}.Release|x64.Build.0 = Release|Any CPU
		{6F54E682-2ED3-41D7-9C51-A84D3D609D98}.Release|x86.ActiveCfg = Release|Any CPU
		{6F54E682-2ED3-41D7-9C51-A84D3D609D98}.Release|x86.Build.0 = Release|Any CPU
	EndGlobalSection
	GlobalSection(SolutionProperties) = preSolution
		HideSolutionNode = FALSE
	EndGlobalSection
	GlobalSection(ExtensibilityGlobals) = postSolution
		SolutionGuid = {B8C1AA93-32D9-48B0-9F89-DBF9AB0D15E9}
	EndGlobalSection
EndGlobal
